
Microsoft Visual Studio Solution File, Format Version 12.00
# Visual Studio Version 17
VisualStudioVersion = 17.10.34928.147
MinimumVisualStudioVersion = 10.0.40219.1
Project("{9A19103F-16F7-4668-BE54-9A1E7A4F7556}") = "Projet_5", "Projet_5.csproj", "{BB5808BF-B74C-423F-A03C-0E1189ABCF6E}"
EndProject
Project("{9A19103F-16F7-4668-BE54-9A1E7A4F7556}") = "Projet_5.Tests", "..\Projet_5.Tests\Projet_5.Tests.csproj", "{2F32A942-DB84-426E-BF8D-57EBCFE3E4E5}"
EndProject
Global
	GlobalSection(SolutionConfigurationPlatforms) = preSolution
		Debug|Any CPU = Debug|Any CPU
		Release|Any CPU = Release|Any CPU
	EndGlobalSection
	GlobalSection(ProjectConfigurationPlatforms) = postSolution
		{BB5808BF-B74C-423F-A03C-0E1189ABCF6E}.Debug|Any CPU.ActiveCfg = Debug|Any CPU
		{BB5808BF-B74C-423F-A03C-0E1189ABCF6E}.Debug|Any CPU.Build.0 = Debug|Any CPU
		{BB5808BF-B74C-423F-A03C-0E1189ABCF6E}.Release|Any CPU.ActiveCfg = Release|Any CPU
		{BB5808BF-B74C-423F-A03C-0E1189ABCF6E}.Release|Any CPU.Build.0 = Release|Any CPU
		{2F32A942-DB84-426E-BF8D-57EBCFE3E4E5}.Debug|Any CPU.ActiveCfg = Debug|Any CPU
		{2F32A942-DB84-426E-BF8D-57EBCFE3E4E5}.Debug|Any CPU.Build.0 = Debug|Any CPU
		{2F32A942-DB84-426E-BF8D-57EBCFE3E4E5}.Release|Any CPU.ActiveCfg = Release|Any CPU
		{2F32A942-DB84-426E-BF8D-57EBCFE3E4E5}.Release|Any CPU.Build.0 = Release|Any CPU
	EndGlobalSection
	GlobalSection(SolutionProperties) = preSolution
		HideSolutionNode = FALSE
	EndGlobalSection
	GlobalSection(ExtensibilityGlobals) = postSolution
		SolutionGuid = {818F3850-2D01-43A6-B959-C92DF2471ACB}
	EndGlobalSection
EndGlobal
